// !$*UTF8*$!
{
	archiveVersion = 1;
	classes = {
	};
	objectVersion = 55;
	objects = {

/* Begin PBXBuildFile section */
		19C025FE284C043A0003AF9A /* FacebookApp.swift in Sources */ = {isa = PBXBuildFile; fileRef = 19C025EE284C04360003AF9A /* FacebookApp.swift */; };
		19C025FF284C043A0003AF9A /* FacebookApp.swift in Sources */ = {isa = PBXBuildFile; fileRef = 19C025EE284C04360003AF9A /* FacebookApp.swift */; };
		19C02602284C043A0003AF9A /* Assets.xcassets in Resources */ = {isa = PBXBuildFile; fileRef = 19C025F0284C043A0003AF9A /* Assets.xcassets */; };
		19C02603284C043A0003AF9A /* Assets.xcassets in Resources */ = {isa = PBXBuildFile; fileRef = 19C025F0284C043A0003AF9A /* Assets.xcassets */; };
		19C0260E284C04C00003AF9A /* ProfileView.swift in Sources */ = {isa = PBXBuildFile; fileRef = 19C0260D284C04C00003AF9A /* ProfileView.swift */; };
		19C02610284C077E0003AF9A /* BackgroundView.swift in Sources */ = {isa = PBXBuildFile; fileRef = 19C0260F284C077E0003AF9A /* BackgroundView.swift */; };
		19C02612284C0AEA0003AF9A /* CardView.swift in Sources */ = {isa = PBXBuildFile; fileRef = 19C02611284C0AEA0003AF9A /* CardView.swift */; };
		19C02615284C0B140003AF9A /* Model.swift in Sources */ = {isa = PBXBuildFile; fileRef = 19C02614284C0B140003AF9A /* Model.swift */; };
		19C02617284C0EB30003AF9A /* StoreView.swift in Sources */ = {isa = PBXBuildFile; fileRef = 19C02616284C0EB30003AF9A /* StoreView.swift */; };
		19C02619284C7F4D0003AF9A /* HomePage.swift in Sources */ = {isa = PBXBuildFile; fileRef = 19C02618284C7F4D0003AF9A /* HomePage.swift */; };
		19C0261B284C82E90003AF9A /* FeedView.swift in Sources */ = {isa = PBXBuildFile; fileRef = 19C0261A284C82E90003AF9A /* FeedView.swift */; };
/* End PBXBuildFile section */

/* Begin PBXFileReference section */
		19C025EE284C04360003AF9A /* FacebookApp.swift */ = {isa = PBXFileReference; lastKnownFileType = sourcecode.swift; path = FacebookApp.swift; sourceTree = "<group>"; };
		19C025F0284C043A0003AF9A /* Assets.xcassets */ = {isa = PBXFileReference; lastKnownFileType = folder.assetcatalog; path = Assets.xcassets; sourceTree = "<group>"; };
		19C025F5284C043A0003AF9A /* Facebook.app */ = {isa = PBXFileReference; explicitFileType = wrapper.application; includeInIndex = 0; path = Facebook.app; sourceTree = BUILT_PRODUCTS_DIR; };
		19C025FB284C043A0003AF9A /* Facebook.app */ = {isa = PBXFileReference; explicitFileType = wrapper.application; includeInIndex = 0; path = Facebook.app; sourceTree = BUILT_PRODUCTS_DIR; };
		19C025FD284C043A0003AF9A /* macOS.entitlements */ = {isa = PBXFileReference; lastKnownFileType = text.plist.entitlements; path = macOS.entitlements; sourceTree = "<group>"; };
		19C0260D284C04C00003AF9A /* ProfileView.swift */ = {isa = PBXFileReference; lastKnownFileType = sourcecode.swift; path = ProfileView.swift; sourceTree = "<group>"; };
		19C0260F284C077E0003AF9A /* BackgroundView.swift */ = {isa = PBXFileReference; lastKnownFileType = sourcecode.swift; path = BackgroundView.swift; sourceTree = "<group>"; };
		19C02611284C0AEA0003AF9A /* CardView.swift */ = {isa = PBXFileReference; lastKnownFileType = sourcecode.swift; path = CardView.swift; sourceTree = "<group>"; };
		19C02614284C0B140003AF9A /* Model.swift */ = {isa = PBXFileReference; lastKnownFileType = sourcecode.swift; path = Model.swift; sourceTree = "<group>"; };
		19C02616284C0EB30003AF9A /* StoreView.swift */ = {isa = PBXFileReference; lastKnownFileType = sourcecode.swift; path = StoreView.swift; sourceTree = "<group>"; };
		19C02618284C7F4D0003AF9A /* HomePage.swift */ = {isa = PBXFileReference; lastKnownFileType = sourcecode.swift; path = HomePage.swift; sourceTree = "<group>"; };
		19C0261A284C82E90003AF9A /* FeedView.swift */ = {isa = PBXFileReference; lastKnownFileType = sourcecode.swift; path = FeedView.swift; sourceTree = "<group>"; };
/* End PBXFileReference section */

/* Begin PBXFrameworksBuildPhase section */
		19C025F2284C043A0003AF9A /* Frameworks */ = {
			isa = PBXFrameworksBuildPhase;
			buildActionMask = 2147483647;
			files = (
			);
			runOnlyForDeploymentPostprocessing = 0;
		};
		19C025F8284C043A0003AF9A /* Frameworks */ = {
			isa = PBXFrameworksBuildPhase;
			buildActionMask = 2147483647;
			files = (
			);
			runOnlyForDeploymentPostprocessing = 0;
		};
/* End PBXFrameworksBuildPhase section */

/* Begin PBXGroup section */
		19C025E8284C04360003AF9A = {
			isa = PBXGroup;
			children = (
				19C02613284C0B0A0003AF9A /* Model */,
				19C0260C284C04680003AF9A /* Views */,
				19C025ED284C04360003AF9A /* Shared */,
				19C025FC284C043A0003AF9A /* macOS */,
				19C025F6284C043A0003AF9A /* Products */,
			);
			sourceTree = "<group>";
		};
		19C025ED284C04360003AF9A /* Shared */ = {
			isa = PBXGroup;
			children = (
				19C025EE284C04360003AF9A /* FacebookApp.swift */,
				19C025F0284C043A0003AF9A /* Assets.xcassets */,
			);
			path = Shared;
			sourceTree = "<group>";
		};
		19C025F6284C043A0003AF9A /* Products */ = {
			isa = PBXGroup;
			children = (
				19C025F5284C043A0003AF9A /* Facebook.app */,
				19C025FB284C043A0003AF9A /* Facebook.app */,
			);
			name = Products;
			sourceTree = "<group>";
		};
		19C025FC284C043A0003AF9A /* macOS */ = {
			isa = PBXGroup;
			children = (
				19C025FD284C043A0003AF9A /* macOS.entitlements */,
			);
			path = macOS;
			sourceTree = "<group>";
		};
		19C0260C284C04680003AF9A /* Views */ = {
			isa = PBXGroup;
			children = (
				19C0260D284C04C00003AF9A /* ProfileView.swift */,
				19C0260F284C077E0003AF9A /* BackgroundView.swift */,
				19C02611284C0AEA0003AF9A /* CardView.swift */,
				19C02616284C0EB30003AF9A /* StoreView.swift */,
				19C02618284C7F4D0003AF9A /* HomePage.swift */,
				19C0261A284C82E90003AF9A /* FeedView.swift */,
			);
			path = Views;
			sourceTree = "<group>";
		};
		19C02613284C0B0A0003AF9A /* Model */ = {
			isa = PBXGroup;
			children = (
				19C02614284C0B140003AF9A /* Model.swift */,
			);
			path = Model;
			sourceTree = "<group>";
		};
/* End PBXGroup section */

/* Begin PBXNativeTarget section */
		19C025F4284C043A0003AF9A /* Facebook (iOS) */ = {
			isa = PBXNativeTarget;
			buildConfigurationList = 19C02606284C043A0003AF9A /* Build configuration list for PBXNativeTarget "Facebook (iOS)" */;
			buildPhases = (
				19C025F1284C043A0003AF9A /* Sources */,
				19C025F2284C043A0003AF9A /* Frameworks */,
				19C025F3284C043A0003AF9A /* Resources */,
			);
			buildRules = (
			);
			dependencies = (
			);
			name = "Facebook (iOS)";
			productName = "Facebook (iOS)";
			productReference = 19C025F5284C043A0003AF9A /* Facebook.app */;
			productType = "com.apple.product-type.application";
		};
		19C025FA284C043A0003AF9A /* Facebook (macOS) */ = {
			isa = PBXNativeTarget;
			buildConfigurationList = 19C02609284C043A0003AF9A /* Build configuration list for PBXNativeTarget "Facebook (macOS)" */;
			buildPhases = (
				19C025F7284C043A0003AF9A /* Sources */,
				19C025F8284C043A0003AF9A /* Frameworks */,
				19C025F9284C043A0003AF9A /* Resources */,
			);
			buildRules = (
			);
			dependencies = (
			);
			name = "Facebook (macOS)";
			productName = "Facebook (macOS)";
			productReference = 19C025FB284C043A0003AF9A /* Facebook.app */;
			productType = "com.apple.product-type.application";
		};
/* End PBXNativeTarget section */

/* Begin PBXProject section */
		19C025E9284C04360003AF9A /* Project object */ = {
			isa = PBXProject;
			attributes = {
				BuildIndependentTargetsInParallel = 1;
				LastSwiftUpdateCheck = 1330;
				LastUpgradeCheck = 1330;
				TargetAttributes = {
					19C025F4284C043A0003AF9A = {
						CreatedOnToolsVersion = 13.3;
					};
					19C025FA284C043A0003AF9A = {
						CreatedOnToolsVersion = 13.3;
					};
				};
			};
			buildConfigurationList = 19C025EC284C04360003AF9A /* Build configuration list for PBXProject "Facebook" */;
			compatibilityVersion = "Xcode 13.0";
			developmentRegion = en;
			hasScannedForEncodings = 0;
			knownRegions = (
				en,
				Base,
			);
			mainGroup = 19C025E8284C04360003AF9A;
			productRefGroup = 19C025F6284C043A0003AF9A /* Products */;
			projectDirPath = "";
			projectRoot = "";
			targets = (
				19C025F4284C043A0003AF9A /* Facebook (iOS) */,
				19C025FA284C043A0003AF9A /* Facebook (macOS) */,
			);
		};
/* End PBXProject section */

/* Begin PBXResourcesBuildPhase section */
		19C025F3284C043A0003AF9A /* Resources */ = {
			isa = PBXResourcesBuildPhase;
			buildActionMask = 2147483647;
			files = (
				19C02602284C043A0003AF9A /* Assets.xcassets in Resources */,
			);
			runOnlyForDeploymentPostprocessing = 0;
		};
		19C025F9284C043A0003AF9A /* Resources */ = {
			isa = PBXResourcesBuildPhase;
			buildActionMask = 2147483647;
			files = (
				19C02603284C043A0003AF9A /* Assets.xcassets in Resources */,
			);
			runOnlyForDeploymentPostprocessing = 0;
		};
/* End PBXResourcesBuildPhase section */

/* Begin PBXSourcesBuildPhase section */
		19C025F1284C043A0003AF9A /* Sources */ = {
			isa = PBXSourcesBuildPhase;
			buildActionMask = 2147483647;
			files = (
				19C0261B284C82E90003AF9A /* FeedView.swift in Sources */,
				19C0260E284C04C00003AF9A /* ProfileView.swift in Sources */,
				19C02610284C077E0003AF9A /* BackgroundView.swift in Sources */,
				19C02615284C0B140003AF9A /* Model.swift in Sources */,
				19C025FE284C043A0003AF9A /* FacebookApp.swift in Sources */,
				19C02617284C0EB30003AF9A /* StoreView.swift in Sources */,
				19C02612284C0AEA0003AF9A /* CardView.swift in Sources */,
				19C02619284C7F4D0003AF9A /* HomePage.swift in Sources */,
			);
			runOnlyForDeploymentPostprocessing = 0;
		};
		19C025F7284C043A0003AF9A /* Sources */ = {
			isa = PBXSourcesBuildPhase;
			buildActionMask = 2147483647;
			files = (
				19C025FF284C043A0003AF9A /* FacebookApp.swift in Sources */,
			);
			runOnlyForDeploymentPostprocessing = 0;
		};
/* End PBXSourcesBuildPhase section */

/* Begin XCBuildConfiguration section */
		19C02604284C043A0003AF9A /* Debug */ = {
			isa = XCBuildConfiguration;
			buildSettings = {
				ALWAYS_SEARCH_USER_PATHS = NO;
				CLANG_ANALYZER_NONNULL = YES;
				CLANG_ANALYZER_NUMBER_OBJECT_CONVERSION = YES_AGGRESSIVE;
				CLANG_CXX_LANGUAGE_STANDARD = "gnu++17";
				CLANG_ENABLE_MODULES = YES;
				CLANG_ENABLE_OBJC_ARC = YES;
				CLANG_ENABLE_OBJC_WEAK = YES;
				CLANG_WARN_BLOCK_CAPTURE_AUTORELEASING = YES;
				CLANG_WARN_BOOL_CONVERSION = YES;
				CLANG_WARN_COMMA = YES;
				CLANG_WARN_CONSTANT_CONVERSION = YES;
				CLANG_WARN_DEPRECATED_OBJC_IMPLEMENTATIONS = YES;
				CLANG_WARN_DIRECT_OBJC_ISA_USAGE = YES_ERROR;
				CLANG_WARN_DOCUMENTATION_COMMENTS = YES;
				CLANG_WARN_EMPTY_BODY = YES;
				CLANG_WARN_ENUM_CONVERSION = YES;
				CLANG_WARN_INFINITE_RECURSION = YES;
				CLANG_WARN_INT_CONVERSION = YES;
				CLANG_WARN_NON_LITERAL_NULL_CONVERSION = YES;
				CLANG_WARN_OBJC_IMPLICIT_RETAIN_SELF = YES;
				CLANG_WARN_OBJC_LITERAL_CONVERSION = YES;
				CLANG_WARN_OBJC_ROOT_CLASS = YES_ERROR;
				CLANG_WARN_QUOTED_INCLUDE_IN_FRAMEWORK_HEADER = YES;
				CLANG_WARN_RANGE_LOOP_ANALYSIS = YES;
				CLANG_WARN_STRICT_PROTOTYPES = YES;
				CLANG_WARN_SUSPICIOUS_MOVE = YES;
				CLANG_WARN_UNGUARDED_AVAILABILITY = YES_AGGRESSIVE;
				CLANG_WARN_UNREACHABLE_CODE = YES;
				CLANG_WARN__DUPLICATE_METHOD_MATCH = YES;
				COPY_PHASE_STRIP = NO;
				DEBUG_INFORMATION_FORMAT = dwarf;
				ENABLE_STRICT_OBJC_MSGSEND = YES;
				ENABLE_TESTABILITY = YES;
				GCC_C_LANGUAGE_STANDARD = gnu11;
				GCC_DYNAMIC_NO_PIC = NO;
				GCC_NO_COMMON_BLOCKS = YES;
				GCC_OPTIMIZATION_LEVEL = 0;
				GCC_PREPROCESSOR_DEFINITIONS = (
					"DEBUG=1",
					"$(inherited)",
				);
				GCC_WARN_64_TO_32_BIT_CONVERSION = YES;
				GCC_WARN_ABOUT_RETURN_TYPE = YES_ERROR;
				GCC_WARN_UNDECLARED_SELECTOR = YES;
				GCC_WARN_UNINITIALIZED_AUTOS = YES_AGGRESSIVE;
				GCC_WARN_UNUSED_FUNCTION = YES;
				GCC_WARN_UNUSED_VARIABLE = YES;
				MTL_ENABLE_DEBUG_INFO = INCLUDE_SOURCE;
				MTL_FAST_MATH = YES;
				ONLY_ACTIVE_ARCH = YES;
				SWIFT_ACTIVE_COMPILATION_CONDITIONS = DEBUG;
				SWIFT_OPTIMIZATION_LEVEL = "-Onone";
			};
			name = Debug;
		};
		19C02605284C043A0003AF9A /* Release */ = {
			isa = XCBuildConfiguration;
			buildSettings = {
				ALWAYS_SEARCH_USER_PATHS = NO;
				CLANG_ANALYZER_NONNULL = YES;
				CLANG_ANALYZER_NUMBER_OBJECT_CONVERSION = YES_AGGRESSIVE;
				CLANG_CXX_LANGUAGE_STANDARD = "gnu++17";
				CLANG_ENABLE_MODULES = YES;
				CLANG_ENABLE_OBJC_ARC = YES;
				CLANG_ENABLE_OBJC_WEAK = YES;
				CLANG_WARN_BLOCK_CAPTURE_AUTORELEASING = YES;
				CLANG_WARN_BOOL_CONVERSION = YES;
				CLANG_WARN_COMMA = YES;
				CLANG_WARN_CONSTANT_CONVERSION = YES;
				CLANG_WARN_DEPRECATED_OBJC_IMPLEMENTATIONS = YES;
				CLANG_WARN_DIRECT_OBJC_ISA_USAGE = YES_ERROR;
				CLANG_WARN_DOCUMENTATION_COMMENTS = YES;
				CLANG_WARN_EMPTY_BODY = YES;
				CLANG_WARN_ENUM_CONVERSION = YES;
				CLANG_WARN_INFINITE_RECURSION = YES;
				CLANG_WARN_INT_CONVERSION = YES;
				CLANG_WARN_NON_LITERAL_NULL_CONVERSION = YES;
				CLANG_WARN_OBJC_IMPLICIT_RETAIN_SELF = YES;
				CLANG_WARN_OBJC_LITERAL_CONVERSION = YES;
				CLANG_WARN_OBJC_ROOT_CLASS = YES_ERROR;
				CLANG_WARN_QUOTED_INCLUDE_IN_FRAMEWORK_HEADER = YES;
				CLANG_WARN_RANGE_LOOP_ANALYSIS = YES;
				CLANG_WARN_STRICT_PROTOTYPES = YES;
				CLANG_WARN_SUSPICIOUS_MOVE = YES;
				CLANG_WARN_UNGUARDED_AVAILABILITY = YES_AGGRESSIVE;
				CLANG_WARN_UNREACHABLE_CODE = YES;
				CLANG_WARN__DUPLICATE_METHOD_MATCH = YES;
				COPY_PHASE_STRIP = NO;
				DEBUG_INFORMATION_FORMAT = "dwarf-with-dsym";
				ENABLE_NS_ASSERTIONS = NO;
				ENABLE_STRICT_OBJC_MSGSEND = YES;
				GCC_C_LANGUAGE_STANDARD = gnu11;
				GCC_NO_COMMON_BLOCKS = YES;
				GCC_WARN_64_TO_32_BIT_CONVERSION = YES;
				GCC_WARN_ABOUT_RETURN_TYPE = YES_ERROR;
				GCC_WARN_UNDECLARED_SELECTOR = YES;
				GCC_WARN_UNINITIALIZED_AUTOS = YES_AGGRESSIVE;
				GCC_WARN_UNUSED_FUNCTION = YES;
				GCC_WARN_UNUSED_VARIABLE = YES;
				MTL_ENABLE_DEBUG_INFO = NO;
				MTL_FAST_MATH = YES;
				SWIFT_COMPILATION_MODE = wholemodule;
				SWIFT_OPTIMIZATION_LEVEL = "-O";
			};
			name = Release;
		};
		19C02607284C043A0003AF9A /* Debug */ = {
			isa = XCBuildConfiguration;
			buildSettings = {
				ASSETCATALOG_COMPILER_APPICON_NAME = AppIcon;
				ASSETCATALOG_COMPILER_GLOBAL_ACCENT_COLOR_NAME = AccentColor;
				CODE_SIGN_STYLE = Automatic;
				CURRENT_PROJECT_VERSION = 1;
				DEVELOPMENT_TEAM = WEE3S3NWZ2;
				ENABLE_PREVIEWS = YES;
				GENERATE_INFOPLIST_FILE = YES;
				INFOPLIST_KEY_UIApplicationSceneManifest_Generation = YES;
				INFOPLIST_KEY_UIApplicationSupportsIndirectInputEvents = YES;
				INFOPLIST_KEY_UILaunchScreen_Generation = YES;
				INFOPLIST_KEY_UISupportedInterfaceOrientations_iPad = "UIInterfaceOrientationPortrait UIInterfaceOrientationPortraitUpsideDown UIInterfaceOrientationLandscapeLeft UIInterfaceOrientationLandscapeRight";
				INFOPLIST_KEY_UISupportedInterfaceOrientations_iPhone = "UIInterfaceOrientationPortrait UIInterfaceOrientationLandscapeLeft UIInterfaceOrientationLandscapeRight";
				IPHONEOS_DEPLOYMENT_TARGET = 15.4;
				LD_RUNPATH_SEARCH_PATHS = (
					"$(inherited)",
					"@executable_path/Frameworks",
				);
				MARKETING_VERSION = 1.0;
				PRODUCT_BUNDLE_IDENTIFIER = luchonic.Facebook;
				PRODUCT_NAME = Facebook;
				SDKROOT = iphoneos;
				SWIFT_EMIT_LOC_STRINGS = YES;
				SWIFT_VERSION = 5.0;
				TARGETED_DEVICE_FAMILY = "1,2";
			};
			name = Debug;
		};
		19C02608284C043A0003AF9A /* Release */ = {
			isa = XCBuildConfiguration;
			buildSettings = {
				ASSETCATALOG_COMPILER_APPICON_NAME = AppIcon;
				ASSETCATALOG_COMPILER_GLOBAL_ACCENT_COLOR_NAME = AccentColor;
				CODE_SIGN_STYLE = Automatic;
				CURRENT_PROJECT_VERSION = 1;
				DEVELOPMENT_TEAM = WEE3S3NWZ2;
				ENABLE_PREVIEWS = YES;
				GENERATE_INFOPLIST_FILE = YES;
				INFOPLIST_KEY_UIApplicationSceneManifest_Generation = YES;
				INFOPLIST_KEY_UIApplicationSupportsIndirectInputEvents = YES;
				INFOPLIST_KEY_UILaunchScreen_Generation = YES;
				INFOPLIST_KEY_UISupportedInterfaceOrientations_iPad = "UIInterfaceOrientationPortrait UIInterfaceOrientationPortraitUpsideDown UIInterfaceOrientationLandscapeLeft UIInterfaceOrientationLandscapeRight";
				INFOPLIST_KEY_UISupportedInterfaceOrientations_iPhone = "UIInterfaceOrientationPortrait UIInterfaceOrientationLandscapeLeft UIInterfaceOrientationLandscapeRight";
				IPHONEOS_DEPLOYMENT_TARGET = 15.4;
				LD_RUNPATH_SEARCH_PATHS = (
					"$(inherited)",
					"@executable_path/Frameworks",
				);
				MARKETING_VERSION = 1.0;
				PRODUCT_BUNDLE_IDENTIFIER = luchonic.Facebook;
				PRODUCT_NAME = Facebook;
				SDKROOT = iphoneos;
				SWIFT_EMIT_LOC_STRINGS = YES;
				SWIFT_VERSION = 5.0;
				TARGETED_DEVICE_FAMILY = "1,2";
				VALIDATE_PRODUCT = YES;
			};
			name = Release;
		};
		19C0260A284C043A0003AF9A /* Debug */ = {
			isa = XCBuildConfiguration;
			buildSettings = {
				ASSETCATALOG_COMPILER_APPICON_NAME = AppIcon;
				ASSETCATALOG_COMPILER_GLOBAL_ACCENT_COLOR_NAME = AccentColor;
				CODE_SIGN_ENTITLEMENTS = macOS/macOS.entitlements;
				CODE_SIGN_STYLE = Automatic;
				COMBINE_HIDPI_IMAGES = YES;
				CURRENT_PROJECT_VERSION = 1;
				DEVELOPMENT_TEAM = WEE3S3NWZ2;
				ENABLE_HARDENED_RUNTIME = YES;
				ENABLE_PREVIEWS = YES;
				GENERATE_INFOPLIST_FILE = YES;
				INFOPLIST_KEY_NSHumanReadableCopyright = "";
				LD_RUNPATH_SEARCH_PATHS = (
					"$(inherited)",
					"@executable_path/../Frameworks",
				);
				MACOSX_DEPLOYMENT_TARGET = 12.3;
				MARKETING_VERSION = 1.0;
				PRODUCT_BUNDLE_IDENTIFIER = luchonic.Facebook;
				PRODUCT_NAME = Facebook;
				SDKROOT = macosx;
				SWIFT_EMIT_LOC_STRINGS = YES;
				SWIFT_VERSION = 5.0;
			};
			name = Debug;
		};
		19C0260B284C043A0003AF9A /* Release */ = {
			isa = XCBuildConfiguration;
			buildSettings = {
				ASSETCATALOG_COMPILER_APPICON_NAME = AppIcon;
				ASSETCATALOG_COMPILER_GLOBAL_ACCENT_COLOR_NAME = AccentColor;
				CODE_SIGN_ENTITLEMENTS = macOS/macOS.entitlements;
				CODE_SIGN_STYLE = Automatic;
				COMBINE_HIDPI_IMAGES = YES;
				CURRENT_PROJECT_VERSION = 1;
				DEVELOPMENT_TEAM = WEE3S3NWZ2;
				ENABLE_HARDENED_RUNTIME = YES;
				ENABLE_PREVIEWS = YES;
				GENERATE_INFOPLIST_FILE = YES;
				INFOPLIST_KEY_NSHumanReadableCopyright = "";
				LD_RUNPATH_SEARCH_PATHS = (
					"$(inherited)",
					"@executable_path/../Frameworks",
				);
				MACOSX_DEPLOYMENT_TARGET = 12.3;
				MARKETING_VERSION = 1.0;
				PRODUCT_BUNDLE_IDENTIFIER = luchonic.Facebook;
				PRODUCT_NAME = Facebook;
				SDKROOT = macosx;
				SWIFT_EMIT_LOC_STRINGS = YES;
				SWIFT_VERSION = 5.0;
			};
			name = Release;
		};
/* End XCBuildConfiguration section */

/* Begin XCConfigurationList section */
		19C025EC284C04360003AF9A /* Build configuration list for PBXProject "Facebook" */ = {
			isa = XCConfigurationList;
			buildConfigurations = (
				19C02604284C043A0003AF9A /* Debug */,
				19C02605284C043A0003AF9A /* Release */,
			);
			defaultConfigurationIsVisible = 0;
			defaultConfigurationName = Release;
		};
		19C02606284C043A0003AF9A /* Build configuration list for PBXNativeTarget "Facebook (iOS)" */ = {
			isa = XCConfigurationList;
			buildConfigurations = (
				19C02607284C043A0003AF9A /* Debug */,
				19C02608284C043A0003AF9A /* Release */,
			);
			defaultConfigurationIsVisible = 0;
			defaultConfigurationName = Release;
		};
		19C02609284C043A0003AF9A /* Build configuration list for PBXNativeTarget "Facebook (macOS)" */ = {
			isa = XCConfigurationList;
			buildConfigurations = (
				19C0260A284C043A0003AF9A /* Debug */,
				19C0260B284C043A0003AF9A /* Release */,
			);
			defaultConfigurationIsVisible = 0;
			defaultConfigurationName = Release;
		};
/* End XCConfigurationList section */
	};
	rootObject = 19C025E9284C04360003AF9A /* Project object */;
}
